{
  "originHash" : "de937e000bf8cbb88d6132d63e28f76487b13456717d0bc1706f675aad2db491",
  "pins" : [
    {
      "identity" : "anwalpaysdknativeiosspm",
      "kind" : "remoteSourceControl",
      "location" : "https://github.com/amwal-pay/AnwalPaySDKNativeiOSSPM.git",
      "state" : {
        "revision" : "1080d64b67f370e82574da98bc1c1e3bc3e9a38d",
        "version" : "1.1.91"
      }
    }
  ],
  "version" : 3
}
